
Microsoft Visual Studio Solution File, Format Version 12.00
# Visual Studio Version 16
VisualStudioVersion = 16.0.30907.101
MinimumVisualStudioVersion = 10.0.40219.1
Project("{2150E333-8FDC-42A3-9474-1A3956D46DE8}") = "05.Model", "05.Model", "{A154A584-83D2-4F7D-A04A-25FAA236E06A}"
EndProject
Project("{9A19103F-16F7-4668-BE54-9A1E7A4F7556}") = "Corex.Model.Infrastructure", "Corex.Model.Infrastructure\Corex.Model.Infrastructure.csproj", "{6B1BA9E3-950A-4466-A65D-ABB04663C76C}"
EndProject
Project("{2150E333-8FDC-42A3-9474-1A3956D46DE8}") = "Model.Derived", "Model.Derived", "{7E0DE72A-695B-4634-984E-7B455D2A735A}"
EndProject
Project("{9A19103F-16F7-4668-BE54-9A1E7A4F7556}") = "Corex.Model.Derived.DtoModel", "Corex.Model.Derived.DtoModel\Corex.Model.Derived.DtoModel.csproj", "{9038E907-F34D-4E8E-86EB-A22DA4E1BFC3}"
EndProject
Project("{9A19103F-16F7-4668-BE54-9A1E7A4F7556}") = "Corex.Model.Derived.EntityModel", "Corex.Model.Derived.EntityModel\Corex.Model.Derived.EntityModel.csproj", "{10BB9228-E407-4B82-B20A-AB281D575E38}"
EndProject
Project("{2150E333-8FDC-42A3-9474-1A3956D46DE8}") = "10.Data", "10.Data", "{DA2B8195-0D4A-43F1-8DE4-637018ECF6E4}"
EndProject
Project("{9A19103F-16F7-4668-BE54-9A1E7A4F7556}") = "Corex.Data.Infrastructure", "Corex.Data.Infrastructure\Corex.Data.Infrastructure.csproj", "{ACB2DC69-3040-42E3-B9DF-86533BE021C9}"
EndProject
Project("{2150E333-8FDC-42A3-9474-1A3956D46DE8}") = "Data.Derived", "Data.Derived", "{C716410C-FE2E-4A80-9D93-F3E48D786822}"
EndProject
Project("{9A19103F-16F7-4668-BE54-9A1E7A4F7556}") = "Corex.Data.Derived.EntityFramework", "Corex.Data.Derived.EntityFramework\Corex.Data.Derived.EntityFramework.csproj", "{79CCC7D4-82ED-4A44-B293-A62AA61BE19D}"
EndProject
Project("{2150E333-8FDC-42A3-9474-1A3956D46DE8}") = "01.Utility", "01.Utility", "{272AD9BB-F6B7-429A-A7DE-286BB0D8D63A}"
EndProject
Project("{9A19103F-16F7-4668-BE54-9A1E7A4F7556}") = "Corex.Utility.Infrastructure", "Corex.Utility.Infrastructure\Corex.Utility.Infrastructure.csproj", "{16E4DBED-EA7A-433C-B562-405FA3710C5A}"
EndProject
Project("{2150E333-8FDC-42A3-9474-1A3956D46DE8}") = "15.ExceptionHandling", "15.ExceptionHandling", "{ADABBFF7-BE2B-4760-8FE0-7600EE909D25}"
EndProject
Project("{9A19103F-16F7-4668-BE54-9A1E7A4F7556}") = "Corex.ExceptionHandling.Infrastructure", "Corex.ExceptionHandling.Infrastructure\Corex.ExceptionHandling.Infrastructure.csproj", "{D3AB7E9C-DA25-4BC9-859E-FBA7FCB832F0}"
EndProject
Project("{2150E333-8FDC-42A3-9474-1A3956D46DE8}") = "ExceptionHandling.Derived", "ExceptionHandling.Derived", "{D8C1C022-79C3-43E2-8A06-AF9F3EFEBEE7}"
EndProject
Project("{9A19103F-16F7-4668-BE54-9A1E7A4F7556}") = "Corex.ExceptionHandling.Derived.Authentication", "Corex.ExceptionHandling.Derived.Authentication\Corex.ExceptionHandling.Derived.Authentication.csproj", "{1771670D-1B52-45D8-B132-B97134A04A85}"
EndProject
Project("{9A19103F-16F7-4668-BE54-9A1E7A4F7556}") = "Corex.ExceptionHandling.Derived.Business", "Corex.ExceptionHandling.Derived.Business\Corex.ExceptionHandling.Derived.Business.csproj", "{323A9AC1-9B44-4852-9EF7-57120D5EAF18}"
EndProject
Project("{9A19103F-16F7-4668-BE54-9A1E7A4F7556}") = "Corex.ExceptionHandling.Derived.Data", "Corex.ExceptionHandling.Derived.Data\Corex.ExceptionHandling.Derived.Data.csproj", "{0F0F997E-0480-49F0-B545-6FC3FCE850F3}"
EndProject
Project("{9A19103F-16F7-4668-BE54-9A1E7A4F7556}") = "Corex.ExceptionHandling.Derived.Validation", "Corex.ExceptionHandling.Derived.Validation\Corex.ExceptionHandling.Derived.Validation.csproj", "{016FB7F4-1C38-4084-B3E1-449073540174}"
EndProject
Project("{9A19103F-16F7-4668-BE54-9A1E7A4F7556}") = "Corex.ExceptionHandling.Manager", "Corex.ExceptionHandling.Manager\Corex.ExceptionHandling.Manager.csproj", "{9264C763-1A0F-4CD4-BF98-791B780BFC5C}"
EndProject
Project("{2150E333-8FDC-42A3-9474-1A3956D46DE8}") = "20.Validation", "20.Validation", "{40C1549F-EAFE-4931-8019-036CB7731CBB}"
EndProject
Project("{9A19103F-16F7-4668-BE54-9A1E7A4F7556}") = "Corex.Validation.Infrastructure", "Corex.Validation.Infrastructure\Corex.Validation.Infrastructure.csproj", "{1E7950E3-F695-4988-89C0-9C3677ED316E}"
EndProject
Project("{2150E333-8FDC-42A3-9474-1A3956D46DE8}") = "25.Log", "25.Log", "{8ADACA42-08E2-489F-8B8E-EA23B305895F}"
EndProject
Project("{9A19103F-16F7-4668-BE54-9A1E7A4F7556}") = "Corex.Log.Infrastructure", "Corex.Log.Infrastructure\Corex.Log.Infrastructure.csproj", "{BCB375BB-2AF7-4B84-9245-BC68D4B3FD9F}"
EndProject
Project("{2150E333-8FDC-42A3-9474-1A3956D46DE8}") = "Log.Derived", "Log.Derived", "{16323704-AFCB-416F-8BBC-37D541326D55}"
EndProject
Project("{9A19103F-16F7-4668-BE54-9A1E7A4F7556}") = "Corex.Log.Derived.MSSQL", "Corex.Log.Derived.MSSQL\Corex.Log.Derived.MSSQL.csproj", "{4298702A-6CBA-465F-86A9-CC6D357BC797}"
EndProject
Project("{9A19103F-16F7-4668-BE54-9A1E7A4F7556}") = "Corex.Log.Derived.AzureTableStorage", "Corex.Log.Derived.AzureTableStorage\Corex.Log.Derived.AzureTableStorage.csproj", "{68DAE9AF-2D37-42C5-B65F-6D6EF123A758}"
EndProject
Project("{2150E333-8FDC-42A3-9474-1A3956D46DE8}") = "30.Mapper", "30.Mapper", "{C96EE798-C58F-452E-9255-B3020033C31E}"
EndProject
Project("{9A19103F-16F7-4668-BE54-9A1E7A4F7556}") = "Corex.Mapper.Infrastructure", "Corex.Mapper.Infrastructure\Corex.Mapper.Infrastructure.csproj", "{AC94960E-34B9-4EBF-A785-FE0DCC782EB1}"
EndProject
Project("{2150E333-8FDC-42A3-9474-1A3956D46DE8}") = "Mapper.Derived", "Mapper.Derived", "{34845BBD-B390-40C4-A070-33202183F247}"
EndProject
Project("{9A19103F-16F7-4668-BE54-9A1E7A4F7556}") = "Corex.Mapper.Derived.Mapsterx", "Corex.Mapper.Derived.Mapsterx\Corex.Mapper.Derived.Mapsterx.csproj", "{8BA71354-6916-4A73-9098-8829C5C932BD}"
EndProject
Project("{2150E333-8FDC-42A3-9474-1A3956D46DE8}") = "35.Serializer", "35.Serializer", "{B3EA4B0E-9E74-4BBC-9B08-E0970B7F3478}"
EndProject
Project("{2150E333-8FDC-42A3-9474-1A3956D46DE8}") = "40.TemplateRender", "40.TemplateRender", "{98355832-8188-446A-89CD-05B4F675082D}"
EndProject
Project("{2150E333-8FDC-42A3-9474-1A3956D46DE8}") = "45.PushSender", "45.PushSender", "{9CED7169-4F12-442F-B8B2-95CED7B76FCD}"
EndProject
Project("{2150E333-8FDC-42A3-9474-1A3956D46DE8}") = "50.SmsSender", "50.SmsSender", "{1987089A-D7E5-4CCC-84C3-B033875577F4}"
EndProject
Project("{2150E333-8FDC-42A3-9474-1A3956D46DE8}") = "55.EmailSender", "55.EmailSender", "{1A3F11D4-CAF6-487B-A01A-5A73C2B4C01D}"
EndProject
Project("{2150E333-8FDC-42A3-9474-1A3956D46DE8}") = "60.PDFConverter", "60.PDFConverter", "{6AB03205-50E4-4878-BEDD-3387D007D04E}"
EndProject
Project("{2150E333-8FDC-42A3-9474-1A3956D46DE8}") = "90.Encryption", "90.Encryption", "{9295AF8A-CCE3-4033-9355-EDA3E80D2CF6}"
EndProject
Project("{2150E333-8FDC-42A3-9474-1A3956D46DE8}") = "95.CloudFile", "95.CloudFile", "{EC7C1BAB-BE22-4854-BDD9-C097057E4348}"
EndProject
Project("{2150E333-8FDC-42A3-9474-1A3956D46DE8}") = "65.Cache", "65.Cache", "{1F5CAA66-7B3B-46AC-BBE1-9452CF1B0FD5}"
EndProject
Project("{2150E333-8FDC-42A3-9474-1A3956D46DE8}") = "70.DocumentDB", "70.DocumentDB", "{8D802930-CB58-445D-97E6-187BC51B833E}"
EndProject
Project("{2150E333-8FDC-42A3-9474-1A3956D46DE8}") = "75.Operation", "75.Operation", "{E66D2E4F-DADE-4C6C-A267-A1873E7D52CF}"
EndProject
Project("{2150E333-8FDC-42A3-9474-1A3956D46DE8}") = "80.Queue", "80.Queue", "{56415402-0A81-4E25-B6FA-52F5871C596C}"
EndProject
Project("{2150E333-8FDC-42A3-9474-1A3956D46DE8}") = "85.Presentation", "85.Presentation", "{0634CB3B-AAC2-494D-96A4-4D170DC08FE6}"
EndProject
Project("{2150E333-8FDC-42A3-9474-1A3956D46DE8}") = "35.1.JsonSerializer", "35.1.JsonSerializer", "{DF4E4EEC-07DD-4264-A184-4B15C5F8E70B}"
EndProject
Project("{2150E333-8FDC-42A3-9474-1A3956D46DE8}") = "35.2.LinqSerializer", "35.2.LinqSerializer", "{131203E1-E076-4804-9CAF-37A9C6EF3450}"
EndProject
Project("{FAE04EC0-301F-11D3-BF4B-00C04F79EFBC}") = "Corex.TemplateRender.Infrastructure", "Corex.TemplateRender.Infrastructure\Corex.TemplateRender.Infrastructure.csproj", "{CF26012C-619A-4737-9910-FB03239528BA}"
EndProject
Project("{2150E333-8FDC-42A3-9474-1A3956D46DE8}") = "TemplateRender.Derived", "TemplateRender.Derived", "{DF708890-8B47-418E-8E75-44689487C25B}"
EndProject
Project("{FAE04EC0-301F-11D3-BF4B-00C04F79EFBC}") = "Corex.TemplateRender.Derived.HBars", "Corex.TemplateRender.Derived.HBars\Corex.TemplateRender.Derived.HBars.csproj", "{24EFB6E8-BEC6-4960-93B0-941A80D7965F}"
EndProject
Global
	GlobalSection(SolutionConfigurationPlatforms) = preSolution
		Debug|Any CPU = Debug|Any CPU
		Release|Any CPU = Release|Any CPU
	EndGlobalSection
	GlobalSection(ProjectConfigurationPlatforms) = postSolution
		{6B1BA9E3-950A-4466-A65D-ABB04663C76C}.Debug|Any CPU.ActiveCfg = Debug|Any CPU
		{6B1BA9E3-950A-4466-A65D-ABB04663C76C}.Debug|Any CPU.Build.0 = Debug|Any CPU
		{6B1BA9E3-950A-4466-A65D-ABB04663C76C}.Release|Any CPU.ActiveCfg = Release|Any CPU
		{6B1BA9E3-950A-4466-A65D-ABB04663C76C}.Release|Any CPU.Build.0 = Release|Any CPU
		{9038E907-F34D-4E8E-86EB-A22DA4E1BFC3}.Debug|Any CPU.ActiveCfg = Debug|Any CPU
		{9038E907-F34D-4E8E-86EB-A22DA4E1BFC3}.Debug|Any CPU.Build.0 = Debug|Any CPU
		{9038E907-F34D-4E8E-86EB-A22DA4E1BFC3}.Release|Any CPU.ActiveCfg = Release|Any CPU
		{9038E907-F34D-4E8E-86EB-A22DA4E1BFC3}.Release|Any CPU.Build.0 = Release|Any CPU
		{10BB9228-E407-4B82-B20A-AB281D575E38}.Debug|Any CPU.ActiveCfg = Debug|Any CPU
		{10BB9228-E407-4B82-B20A-AB281D575E38}.Debug|Any CPU.Build.0 = Debug|Any CPU
		{10BB9228-E407-4B82-B20A-AB281D575E38}.Release|Any CPU.ActiveCfg = Release|Any CPU
		{10BB9228-E407-4B82-B20A-AB281D575E38}.Release|Any CPU.Build.0 = Release|Any CPU
		{ACB2DC69-3040-42E3-B9DF-86533BE021C9}.Debug|Any CPU.ActiveCfg = Debug|Any CPU
		{ACB2DC69-3040-42E3-B9DF-86533BE021C9}.Debug|Any CPU.Build.0 = Debug|Any CPU
		{ACB2DC69-3040-42E3-B9DF-86533BE021C9}.Release|Any CPU.ActiveCfg = Release|Any CPU
		{ACB2DC69-3040-42E3-B9DF-86533BE021C9}.Release|Any CPU.Build.0 = Release|Any CPU
		{79CCC7D4-82ED-4A44-B293-A62AA61BE19D}.Debug|Any CPU.ActiveCfg = Debug|Any CPU
		{79CCC7D4-82ED-4A44-B293-A62AA61BE19D}.Debug|Any CPU.Build.0 = Debug|Any CPU
		{79CCC7D4-82ED-4A44-B293-A62AA61BE19D}.Release|Any CPU.ActiveCfg = Release|Any CPU
		{79CCC7D4-82ED-4A44-B293-A62AA61BE19D}.Release|Any CPU.Build.0 = Release|Any CPU
		{16E4DBED-EA7A-433C-B562-405FA3710C5A}.Debug|Any CPU.ActiveCfg = Debug|Any CPU
		{16E4DBED-EA7A-433C-B562-405FA3710C5A}.Debug|Any CPU.Build.0 = Debug|Any CPU
		{16E4DBED-EA7A-433C-B562-405FA3710C5A}.Release|Any CPU.ActiveCfg = Release|Any CPU
		{16E4DBED-EA7A-433C-B562-405FA3710C5A}.Release|Any CPU.Build.0 = Release|Any CPU
		{D3AB7E9C-DA25-4BC9-859E-FBA7FCB832F0}.Debug|Any CPU.ActiveCfg = Debug|Any CPU
		{D3AB7E9C-DA25-4BC9-859E-FBA7FCB832F0}.Debug|Any CPU.Build.0 = Debug|Any CPU
		{D3AB7E9C-DA25-4BC9-859E-FBA7FCB832F0}.Release|Any CPU.ActiveCfg = Release|Any CPU
		{D3AB7E9C-DA25-4BC9-859E-FBA7FCB832F0}.Release|Any CPU.Build.0 = Release|Any CPU
		{1771670D-1B52-45D8-B132-B97134A04A85}.Debug|Any CPU.ActiveCfg = Debug|Any CPU
		{1771670D-1B52-45D8-B132-B97134A04A85}.Debug|Any CPU.Build.0 = Debug|Any CPU
		{1771670D-1B52-45D8-B132-B97134A04A85}.Release|Any CPU.ActiveCfg = Release|Any CPU
		{1771670D-1B52-45D8-B132-B97134A04A85}.Release|Any CPU.Build.0 = Release|Any CPU
		{323A9AC1-9B44-4852-9EF7-57120D5EAF18}.Debug|Any CPU.ActiveCfg = Debug|Any CPU
		{323A9AC1-9B44-4852-9EF7-57120D5EAF18}.Debug|Any CPU.Build.0 = Debug|Any CPU
		{323A9AC1-9B44-4852-9EF7-57120D5EAF18}.Release|Any CPU.ActiveCfg = Release|Any CPU
		{323A9AC1-9B44-4852-9EF7-57120D5EAF18}.Release|Any CPU.Build.0 = Release|Any CPU
		{0F0F997E-0480-49F0-B545-6FC3FCE850F3}.Debug|Any CPU.ActiveCfg = Debug|Any CPU
		{0F0F997E-0480-49F0-B545-6FC3FCE850F3}.Debug|Any CPU.Build.0 = Debug|Any CPU
		{0F0F997E-0480-49F0-B545-6FC3FCE850F3}.Release|Any CPU.ActiveCfg = Release|Any CPU
		{0F0F997E-0480-49F0-B545-6FC3FCE850F3}.Release|Any CPU.Build.0 = Release|Any CPU
		{016FB7F4-1C38-4084-B3E1-449073540174}.Debug|Any CPU.ActiveCfg = Debug|Any CPU
		{016FB7F4-1C38-4084-B3E1-449073540174}.Debug|Any CPU.Build.0 = Debug|Any CPU
		{016FB7F4-1C38-4084-B3E1-449073540174}.Release|Any CPU.ActiveCfg = Release|Any CPU
		{016FB7F4-1C38-4084-B3E1-449073540174}.Release|Any CPU.Build.0 = Release|Any CPU
		{9264C763-1A0F-4CD4-BF98-791B780BFC5C}.Debug|Any CPU.ActiveCfg = Debug|Any CPU
		{9264C763-1A0F-4CD4-BF98-791B780BFC5C}.Debug|Any CPU.Build.0 = Debug|Any CPU
		{9264C763-1A0F-4CD4-BF98-791B780BFC5C}.Release|Any CPU.ActiveCfg = Release|Any CPU
		{9264C763-1A0F-4CD4-BF98-791B780BFC5C}.Release|Any CPU.Build.0 = Release|Any CPU
		{1E7950E3-F695-4988-89C0-9C3677ED316E}.Debug|Any CPU.ActiveCfg = Debug|Any CPU
		{1E7950E3-F695-4988-89C0-9C3677ED316E}.Debug|Any CPU.Build.0 = Debug|Any CPU
		{1E7950E3-F695-4988-89C0-9C3677ED316E}.Release|Any CPU.ActiveCfg = Release|Any CPU
		{1E7950E3-F695-4988-89C0-9C3677ED316E}.Release|Any CPU.Build.0 = Release|Any CPU
		{BCB375BB-2AF7-4B84-9245-BC68D4B3FD9F}.Debug|Any CPU.ActiveCfg = Debug|Any CPU
		{BCB375BB-2AF7-4B84-9245-BC68D4B3FD9F}.Debug|Any CPU.Build.0 = Debug|Any CPU
		{BCB375BB-2AF7-4B84-9245-BC68D4B3FD9F}.Release|Any CPU.ActiveCfg = Release|Any CPU
		{BCB375BB-2AF7-4B84-9245-BC68D4B3FD9F}.Release|Any CPU.Build.0 = Release|Any CPU
		{4298702A-6CBA-465F-86A9-CC6D357BC797}.Debug|Any CPU.ActiveCfg = Debug|Any CPU
		{4298702A-6CBA-465F-86A9-CC6D357BC797}.Debug|Any CPU.Build.0 = Debug|Any CPU
		{4298702A-6CBA-465F-86A9-CC6D357BC797}.Release|Any CPU.ActiveCfg = Release|Any CPU
		{4298702A-6CBA-465F-86A9-CC6D357BC797}.Release|Any CPU.Build.0 = Release|Any CPU
		{68DAE9AF-2D37-42C5-B65F-6D6EF123A758}.Debug|Any CPU.ActiveCfg = Debug|Any CPU
		{68DAE9AF-2D37-42C5-B65F-6D6EF123A758}.Debug|Any CPU.Build.0 = Debug|Any CPU
		{68DAE9AF-2D37-42C5-B65F-6D6EF123A758}.Release|Any CPU.ActiveCfg = Release|Any CPU
		{68DAE9AF-2D37-42C5-B65F-6D6EF123A758}.Release|Any CPU.Build.0 = Release|Any CPU
		{AC94960E-34B9-4EBF-A785-FE0DCC782EB1}.Debug|Any CPU.ActiveCfg = Debug|Any CPU
		{AC94960E-34B9-4EBF-A785-FE0DCC782EB1}.Debug|Any CPU.Build.0 = Debug|Any CPU
		{AC94960E-34B9-4EBF-A785-FE0DCC782EB1}.Release|Any CPU.ActiveCfg = Release|Any CPU
		{AC94960E-34B9-4EBF-A785-FE0DCC782EB1}.Release|Any CPU.Build.0 = Release|Any CPU
		{8BA71354-6916-4A73-9098-8829C5C932BD}.Debug|Any CPU.ActiveCfg = Debug|Any CPU
		{8BA71354-6916-4A73-9098-8829C5C932BD}.Debug|Any CPU.Build.0 = Debug|Any CPU
		{8BA71354-6916-4A73-9098-8829C5C932BD}.Release|Any CPU.ActiveCfg = Release|Any CPU
		{8BA71354-6916-4A73-9098-8829C5C932BD}.Release|Any CPU.Build.0 = Release|Any CPU
		{CF26012C-619A-4737-9910-FB03239528BA}.Debug|Any CPU.ActiveCfg = Debug|Any CPU
		{CF26012C-619A-4737-9910-FB03239528BA}.Debug|Any CPU.Build.0 = Debug|Any CPU
		{CF26012C-619A-4737-9910-FB03239528BA}.Release|Any CPU.ActiveCfg = Release|Any CPU
		{CF26012C-619A-4737-9910-FB03239528BA}.Release|Any CPU.Build.0 = Release|Any CPU
		{24EFB6E8-BEC6-4960-93B0-941A80D7965F}.Debug|Any CPU.ActiveCfg = Debug|Any CPU
		{24EFB6E8-BEC6-4960-93B0-941A80D7965F}.Debug|Any CPU.Build.0 = Debug|Any CPU
		{24EFB6E8-BEC6-4960-93B0-941A80D7965F}.Release|Any CPU.ActiveCfg = Release|Any CPU
		{24EFB6E8-BEC6-4960-93B0-941A80D7965F}.Release|Any CPU.Build.0 = Release|Any CPU
	EndGlobalSection
	GlobalSection(SolutionProperties) = preSolution
		HideSolutionNode = FALSE
	EndGlobalSection
	GlobalSection(NestedProjects) = preSolution
		{6B1BA9E3-950A-4466-A65D-ABB04663C76C} = {A154A584-83D2-4F7D-A04A-25FAA236E06A}
		{7E0DE72A-695B-4634-984E-7B455D2A735A} = {A154A584-83D2-4F7D-A04A-25FAA236E06A}
		{9038E907-F34D-4E8E-86EB-A22DA4E1BFC3} = {7E0DE72A-695B-4634-984E-7B455D2A735A}
		{10BB9228-E407-4B82-B20A-AB281D575E38} = {7E0DE72A-695B-4634-984E-7B455D2A735A}
		{ACB2DC69-3040-42E3-B9DF-86533BE021C9} = {DA2B8195-0D4A-43F1-8DE4-637018ECF6E4}
		{C716410C-FE2E-4A80-9D93-F3E48D786822} = {DA2B8195-0D4A-43F1-8DE4-637018ECF6E4}
		{79CCC7D4-82ED-4A44-B293-A62AA61BE19D} = {C716410C-FE2E-4A80-9D93-F3E48D786822}
		{16E4DBED-EA7A-433C-B562-405FA3710C5A} = {272AD9BB-F6B7-429A-A7DE-286BB0D8D63A}
		{D3AB7E9C-DA25-4BC9-859E-FBA7FCB832F0} = {ADABBFF7-BE2B-4760-8FE0-7600EE909D25}
		{D8C1C022-79C3-43E2-8A06-AF9F3EFEBEE7} = {ADABBFF7-BE2B-4760-8FE0-7600EE909D25}
		{1771670D-1B52-45D8-B132-B97134A04A85} = {D8C1C022-79C3-43E2-8A06-AF9F3EFEBEE7}
		{323A9AC1-9B44-4852-9EF7-57120D5EAF18} = {D8C1C022-79C3-43E2-8A06-AF9F3EFEBEE7}
		{0F0F997E-0480-49F0-B545-6FC3FCE850F3} = {D8C1C022-79C3-43E2-8A06-AF9F3EFEBEE7}
		{016FB7F4-1C38-4084-B3E1-449073540174} = {D8C1C022-79C3-43E2-8A06-AF9F3EFEBEE7}
		{9264C763-1A0F-4CD4-BF98-791B780BFC5C} = {ADABBFF7-BE2B-4760-8FE0-7600EE909D25}
		{1E7950E3-F695-4988-89C0-9C3677ED316E} = {40C1549F-EAFE-4931-8019-036CB7731CBB}
		{BCB375BB-2AF7-4B84-9245-BC68D4B3FD9F} = {8ADACA42-08E2-489F-8B8E-EA23B305895F}
		{16323704-AFCB-416F-8BBC-37D541326D55} = {8ADACA42-08E2-489F-8B8E-EA23B305895F}
		{4298702A-6CBA-465F-86A9-CC6D357BC797} = {16323704-AFCB-416F-8BBC-37D541326D55}
		{68DAE9AF-2D37-42C5-B65F-6D6EF123A758} = {16323704-AFCB-416F-8BBC-37D541326D55}
		{AC94960E-34B9-4EBF-A785-FE0DCC782EB1} = {C96EE798-C58F-452E-9255-B3020033C31E}
		{34845BBD-B390-40C4-A070-33202183F247} = {C96EE798-C58F-452E-9255-B3020033C31E}
		{8BA71354-6916-4A73-9098-8829C5C932BD} = {34845BBD-B390-40C4-A070-33202183F247}
		{DF4E4EEC-07DD-4264-A184-4B15C5F8E70B} = {B3EA4B0E-9E74-4BBC-9B08-E0970B7F3478}
		{131203E1-E076-4804-9CAF-37A9C6EF3450} = {B3EA4B0E-9E74-4BBC-9B08-E0970B7F3478}
		{CF26012C-619A-4737-9910-FB03239528BA} = {98355832-8188-446A-89CD-05B4F675082D}
		{DF708890-8B47-418E-8E75-44689487C25B} = {98355832-8188-446A-89CD-05B4F675082D}
		{24EFB6E8-BEC6-4960-93B0-941A80D7965F} = {DF708890-8B47-418E-8E75-44689487C25B}
	EndGlobalSection
	GlobalSection(ExtensibilityGlobals) = postSolution
		SolutionGuid = {5BC4B3CA-BF13-4132-A239-BF8CFCD02765}
	EndGlobalSection
EndGlobal
